<?xml version="1.0" encoding="UTF-8" standalone="yes" ?>
<CodeBlocks_project_file>
	<FileVersion major="1" minor="6" />
	<Project>
		<Option title="SSL_Rental_company" />
		<Option pch_mode="2" />
		<Option compiler="gcc" />
		<Build>
			<Target title="Debug">
				<Option output="bin/Debug/SSL_Rental_company" prefix_auto="1" extension_auto="1" />
				<Option object_output="obj/Debug/" />
				<Option type="1" />
				<Option compiler="gcc" />
				<Compiler>
					<Add option="-g" />
				</Compiler>
			</Target>
			<Target title="Release">
				<Option output="bin/Release/SSL_Rental_company" prefix_auto="1" extension_auto="1" />
				<Option object_output="obj/Release/" />
				<Option type="1" />
				<Option compiler="gcc" />
				<Compiler>
					<Add option="-O2" />
				</Compiler>
				<Linker>
					<Add option="-s" />
				</Linker>
			</Target>
		</Build>
		<Compiler>
			<Add option="-Wall" />
		</Compiler>
		<Unit filename="cars.txt">
			<Option target="&lt;{~None~}&gt;" />
		</Unit>
		<Unit filename="clients.txt">
			<Option target="&lt;{~None~}&gt;" />
		</Unit>
		<Unit filename="design.h">
			<Option target="&lt;{~None~}&gt;" />
		</Unit>
		<Unit filename="layan.h">
			<Option target="&lt;{~None~}&gt;" />
		</Unit>
		<Unit filename="layan_Get_data.h">
			<Option target="&lt;{~None~}&gt;" />
		</Unit>
		<Unit filename="main.c">
			<Option compilerVar="CC" />
		</Unit>
		<Unit filename="reservations.txt">
			<Option target="&lt;{~None~}&gt;" />
		</Unit>
		<Unit filename="saadet.h">
			<Option target="&lt;{~None~}&gt;" />
		</Unit>
		<Unit filename="selma.h">
			<Option target="&lt;{~None~}&gt;" />
		</Unit>
		<Unit filename="structures.h">
			<Option target="&lt;{~None~}&gt;" />
		</Unit>
		<Extensions />
	</Project>
</CodeBlocks_project_file>
